// !$*UTF8*$!
{
	archiveVersion = 1;
	classes = {
	};
	objectVersion = 50;
	objects = {

/* Begin PBXBuildFile section */
		289F76CC234CF22C00A4EEAF /* AppDelegate.m in Sources */ = {isa = PBXBuildFile; fileRef = 289F76CB234CF22C00A4EEAF /* AppDelegate.m */; };
		289F76CF234CF22C00A4EEAF /* SceneDelegate.m in Sources */ = {isa = PBXBuildFile; fileRef = 289F76CE234CF22C00A4EEAF /* SceneDelegate.m */; };
		289F76D5234CF22C00A4EEAF /* Main.storyboard in Resources */ = {isa = PBXBuildFile; fileRef = 289F76D3234CF22C00A4EEAF /* Main.storyboard */; };
		289F76D7234CF22D00A4EEAF /* Assets.xcassets in Resources */ = {isa = PBXBuildFile; fileRef = 289F76D6234CF22D00A4EEAF /* Assets.xcassets */; };
		289F76DA234CF22D00A4EEAF /* LaunchScreen.storyboard in Resources */ = {isa = PBXBuildFile; fileRef = 289F76D8234CF22D00A4EEAF /* LaunchScreen.storyboard */; };
		289F76DD234CF22D00A4EEAF /* main.m in Sources */ = {isa = PBXBuildFile; fileRef = 289F76DC234CF22D00A4EEAF /* main.m */; };
		289F76E9234CF70700A4EEAF /* CMACharacter.m in Sources */ = {isa = PBXBuildFile; fileRef = 289F76E8234CF70700A4EEAF /* CMACharacter.m */; };
		289F76EF234D07E000A4EEAF /* CMACharacterController.m in Sources */ = {isa = PBXBuildFile; fileRef = 289F76EE234D07E000A4EEAF /* CMACharacterController.m */; };
		289F76F2234D2DB200A4EEAF /* CMACharacterTableViewController.swift in Sources */ = {isa = PBXBuildFile; fileRef = 289F76F1234D2DB200A4EEAF /* CMACharacterTableViewController.swift */; };
		289F76F4234D2E6E00A4EEAF /* CMACharacterTableViewCell.swift in Sources */ = {isa = PBXBuildFile; fileRef = 289F76F3234D2E6E00A4EEAF /* CMACharacterTableViewCell.swift */; };
/* End PBXBuildFile section */

/* Begin PBXFileReference section */
		289F76C7234CF22C00A4EEAF /* HarryPotter-C.app */ = {isa = PBXFileReference; explicitFileType = wrapper.application; includeInIndex = 0; path = "HarryPotter-C.app"; sourceTree = BUILT_PRODUCTS_DIR; };
		289F76CA234CF22C00A4EEAF /* AppDelegate.h */ = {isa = PBXFileReference; lastKnownFileType = sourcecode.c.h; path = AppDelegate.h; sourceTree = "<group>"; };
		289F76CB234CF22C00A4EEAF /* AppDelegate.m */ = {isa = PBXFileReference; lastKnownFileType = sourcecode.c.objc; path = AppDelegate.m; sourceTree = "<group>"; };
		289F76CD234CF22C00A4EEAF /* SceneDelegate.h */ = {isa = PBXFileReference; lastKnownFileType = sourcecode.c.h; path = SceneDelegate.h; sourceTree = "<group>"; };
		289F76CE234CF22C00A4EEAF /* SceneDelegate.m */ = {isa = PBXFileReference; lastKnownFileType = sourcecode.c.objc; path = SceneDelegate.m; sourceTree = "<group>"; };
		289F76D4234CF22C00A4EEAF /* Base */ = {isa = PBXFileReference; lastKnownFileType = file.storyboard; name = Base; path = Base.lproj/Main.storyboard; sourceTree = "<group>"; };
		289F76D6234CF22D00A4EEAF /* Assets.xcassets */ = {isa = PBXFileReference; lastKnownFileType = folder.assetcatalog; path = Assets.xcassets; sourceTree = "<group>"; };
		289F76D9234CF22D00A4EEAF /* Base */ = {isa = PBXFileReference; lastKnownFileType = file.storyboard; name = Base; path = Base.lproj/LaunchScreen.storyboard; sourceTree = "<group>"; };
		289F76DB234CF22D00A4EEAF /* Info.plist */ = {isa = PBXFileReference; lastKnownFileType = text.plist.xml; path = Info.plist; sourceTree = "<group>"; };
		289F76DC234CF22D00A4EEAF /* main.m */ = {isa = PBXFileReference; lastKnownFileType = sourcecode.c.objc; path = main.m; sourceTree = "<group>"; };
		289F76E7234CF70700A4EEAF /* CMACharacter.h */ = {isa = PBXFileReference; lastKnownFileType = sourcecode.c.h; path = CMACharacter.h; sourceTree = "<group>"; };
		289F76E8234CF70700A4EEAF /* CMACharacter.m */ = {isa = PBXFileReference; lastKnownFileType = sourcecode.c.objc; path = CMACharacter.m; sourceTree = "<group>"; };
		289F76ED234D07E000A4EEAF /* CMACharacterController.h */ = {isa = PBXFileReference; lastKnownFileType = sourcecode.c.h; path = CMACharacterController.h; sourceTree = "<group>"; };
		289F76EE234D07E000A4EEAF /* CMACharacterController.m */ = {isa = PBXFileReference; lastKnownFileType = sourcecode.c.objc; path = CMACharacterController.m; sourceTree = "<group>"; };
		289F76F0234D2DB200A4EEAF /* HarryPotter-C-Bridging-Header.h */ = {isa = PBXFileReference; lastKnownFileType = sourcecode.c.h; path = "HarryPotter-C-Bridging-Header.h"; sourceTree = "<group>"; };
		289F76F1234D2DB200A4EEAF /* CMACharacterTableViewController.swift */ = {isa = PBXFileReference; lastKnownFileType = sourcecode.swift; path = CMACharacterTableViewController.swift; sourceTree = "<group>"; };
		289F76F3234D2E6E00A4EEAF /* CMACharacterTableViewCell.swift */ = {isa = PBXFileReference; lastKnownFileType = sourcecode.swift; path = CMACharacterTableViewCell.swift; sourceTree = "<group>"; };
/* End PBXFileReference section */

/* Begin PBXFrameworksBuildPhase section */
		289F76C4234CF22C00A4EEAF /* Frameworks */ = {
			isa = PBXFrameworksBuildPhase;
			buildActionMask = 2147483647;
			files = (
			);
			runOnlyForDeploymentPostprocessing = 0;
		};
/* End PBXFrameworksBuildPhase section */

/* Begin PBXGroup section */
		289F76BE234CF22C00A4EEAF = {
			isa = PBXGroup;
			children = (
				289F76C9234CF22C00A4EEAF /* HarryPotter-C */,
				289F76C8234CF22C00A4EEAF /* Products */,
			);
			sourceTree = "<group>";
		};
		289F76C8234CF22C00A4EEAF /* Products */ = {
			isa = PBXGroup;
			children = (
				289F76C7234CF22C00A4EEAF /* HarryPotter-C.app */,
			);
			name = Products;
			sourceTree = "<group>";
		};
		289F76C9234CF22C00A4EEAF /* HarryPotter-C */ = {
			isa = PBXGroup;
			children = (
				289F76EA234CF71000A4EEAF /* Controllers */,
				289F76E5234CF6A700A4EEAF /* Views */,
				289F76E4234CF69E00A4EEAF /* Models */,
				289F76E3234CF36E00A4EEAF /* Resources */,
			);
			path = "HarryPotter-C";
			sourceTree = "<group>";
		};
		289F76E3234CF36E00A4EEAF /* Resources */ = {
			isa = PBXGroup;
			children = (
				289F76CA234CF22C00A4EEAF /* AppDelegate.h */,
				289F76CB234CF22C00A4EEAF /* AppDelegate.m */,
				289F76CD234CF22C00A4EEAF /* SceneDelegate.h */,
				289F76CE234CF22C00A4EEAF /* SceneDelegate.m */,
				289F76D6234CF22D00A4EEAF /* Assets.xcassets */,
				289F76D8234CF22D00A4EEAF /* LaunchScreen.storyboard */,
				289F76DB234CF22D00A4EEAF /* Info.plist */,
				289F76DC234CF22D00A4EEAF /* main.m */,
			);
			path = Resources;
			sourceTree = "<group>";
		};
		289F76E4234CF69E00A4EEAF /* Models */ = {
			isa = PBXGroup;
			children = (
				289F76E7234CF70700A4EEAF /* CMACharacter.h */,
				289F76E8234CF70700A4EEAF /* CMACharacter.m */,
			);
			path = Models;
			sourceTree = "<group>";
		};
		289F76E5234CF6A700A4EEAF /* Views */ = {
			isa = PBXGroup;
			children = (
				289F76E6234CF6AE00A4EEAF /* Storyboards */,
			);
			path = Views;
			sourceTree = "<group>";
		};
		289F76E6234CF6AE00A4EEAF /* Storyboards */ = {
			isa = PBXGroup;
			children = (
				289F76D3234CF22C00A4EEAF /* Main.storyboard */,
			);
			path = Storyboards;
			sourceTree = "<group>";
		};
		289F76EA234CF71000A4EEAF /* Controllers */ = {
			isa = PBXGroup;
			children = (
				289F76EC234CF71D00A4EEAF /* ModelControllers */,
				289F76EB234CF71600A4EEAF /* ViewControllers */,
			);
			path = Controllers;
			sourceTree = "<group>";
		};
		289F76EB234CF71600A4EEAF /* ViewControllers */ = {
			isa = PBXGroup;
			children = (
				289F76F1234D2DB200A4EEAF /* CMACharacterTableViewController.swift */,
				289F76F3234D2E6E00A4EEAF /* CMACharacterTableViewCell.swift */,
				289F76F0234D2DB200A4EEAF /* HarryPotter-C-Bridging-Header.h */,
			);
			path = ViewControllers;
			sourceTree = "<group>";
		};
		289F76EC234CF71D00A4EEAF /* ModelControllers */ = {
			isa = PBXGroup;
			children = (
				289F76ED234D07E000A4EEAF /* CMACharacterController.h */,
				289F76EE234D07E000A4EEAF /* CMACharacterController.m */,
			);
			path = ModelControllers;
			sourceTree = "<group>";
		};
/* End PBXGroup section */

/* Begin PBXNativeTarget section */
		289F76C6234CF22C00A4EEAF /* HarryPotter-C */ = {
			isa = PBXNativeTarget;
			buildConfigurationList = 289F76E0234CF22D00A4EEAF /* Build configuration list for PBXNativeTarget "HarryPotter-C" */;
			buildPhases = (
				289F76C3234CF22C00A4EEAF /* Sources */,
				289F76C4234CF22C00A4EEAF /* Frameworks */,
				289F76C5234CF22C00A4EEAF /* Resources */,
			);
			buildRules = (
			);
			dependencies = (
			);
			name = "HarryPotter-C";
			productName = "HarryPotter-C";
			productReference = 289F76C7234CF22C00A4EEAF /* HarryPotter-C.app */;
			productType = "com.apple.product-type.application";
		};
/* End PBXNativeTarget section */

/* Begin PBXProject section */
		289F76BF234CF22C00A4EEAF /* Project object */ = {
			isa = PBXProject;
			attributes = {
				CLASSPREFIX = CMA;
				LastUpgradeCheck = 1100;
				ORGANIZATIONNAME = "Christopher Alegre";
				TargetAttributes = {
					289F76C6234CF22C00A4EEAF = {
						CreatedOnToolsVersion = 11.0;
						LastSwiftMigration = 1100;
					};
				};
			};
			buildConfigurationList = 289F76C2234CF22C00A4EEAF /* Build configuration list for PBXProject "HarryPotter-C" */;
			compatibilityVersion = "Xcode 9.3";
			developmentRegion = en;
			hasScannedForEncodings = 0;
			knownRegions = (
				en,
				Base,
			);
			mainGroup = 289F76BE234CF22C00A4EEAF;
			productRefGroup = 289F76C8234CF22C00A4EEAF /* Products */;
			projectDirPath = "";
			projectRoot = "";
			targets = (
				289F76C6234CF22C00A4EEAF /* HarryPotter-C */,
			);
		};
/* End PBXProject section */

/* Begin PBXResourcesBuildPhase section */
		289F76C5234CF22C00A4EEAF /* Resources */ = {
			isa = PBXResourcesBuildPhase;
			buildActionMask = 2147483647;
			files = (
				289F76DA234CF22D00A4EEAF /* LaunchScreen.storyboard in Resources */,
				289F76D7234CF22D00A4EEAF /* Assets.xcassets in Resources */,
				289F76D5234CF22C00A4EEAF /* Main.storyboard in Resources */,
			);
			runOnlyForDeploymentPostprocessing = 0;
		};
/* End PBXResourcesBuildPhase section */

/* Begin PBXSourcesBuildPhase section */
		289F76C3234CF22C00A4EEAF /* Sources */ = {
			isa = PBXSourcesBuildPhase;
			buildActionMask = 2147483647;
			files = (
				289F76CC234CF22C00A4EEAF /* AppDelegate.m in Sources */,
				289F76DD234CF22D00A4EEAF /* main.m in Sources */,
				289F76CF234CF22C00A4EEAF /* SceneDelegate.m in Sources */,
				289F76E9234CF70700A4EEAF /* CMACharacter.m in Sources */,
				289F76EF234D07E000A4EEAF /* CMACharacterController.m in Sources */,
				289F76F4234D2E6E00A4EEAF /* CMACharacterTableViewCell.swift in Sources */,
				289F76F2234D2DB200A4EEAF /* CMACharacterTableViewController.swift in Sources */,
			);
			runOnlyForDeploymentPostprocessing = 0;
		};
/* End PBXSourcesBuildPhase section */

/* Begin PBXVariantGroup section */
		289F76D3234CF22C00A4EEAF /* Main.storyboard */ = {
			isa = PBXVariantGroup;
			children = (
				289F76D4234CF22C00A4EEAF /* Base */,
			);
			name = Main.storyboard;
			sourceTree = "<group>";
		};
		289F76D8234CF22D00A4EEAF /* LaunchScreen.storyboard */ = {
			isa = PBXVariantGroup;
			children = (
				289F76D9234CF22D00A4EEAF /* Base */,
			);
			name = LaunchScreen.storyboard;
			sourceTree = "<group>";
		};
/* End PBXVariantGroup section */

/* Begin XCBuildConfiguration section */
		289F76DE234CF22D00A4EEAF /* Debug */ = {
			isa = XCBuildConfiguration;
			buildSettings = {
				ALWAYS_SEARCH_USER_PATHS = NO;
				CLANG_ANALYZER_NONNULL = YES;
				CLANG_ANALYZER_NUMBER_OBJECT_CONVERSION = YES_AGGRESSIVE;
				CLANG_CXX_LANGUAGE_STANDARD = "gnu++14";
				CLANG_CXX_LIBRARY = "libc++";
				CLANG_ENABLE_MODULES = YES;
				CLANG_ENABLE_OBJC_ARC = YES;
				CLANG_ENABLE_OBJC_WEAK = YES;
				CLANG_WARN_BLOCK_CAPTURE_AUTORELEASING = YES;
				CLANG_WARN_BOOL_CONVERSION = YES;
				CLANG_WARN_COMMA = YES;
				CLANG_WARN_CONSTANT_CONVERSION = YES;
				CLANG_WARN_DEPRECATED_OBJC_IMPLEMENTATIONS = YES;
				CLANG_WARN_DIRECT_OBJC_ISA_USAGE = YES_ERROR;
				CLANG_WARN_DOCUMENTATION_COMMENTS = YES;
				CLANG_WARN_EMPTY_BODY = YES;
				CLANG_WARN_ENUM_CONVERSION = YES;
				CLANG_WARN_INFINITE_RECURSION = YES;
				CLANG_WARN_INT_CONVERSION = YES;
				CLANG_WARN_NON_LITERAL_NULL_CONVERSION = YES;
				CLANG_WARN_OBJC_IMPLICIT_RETAIN_SELF = YES;
				CLANG_WARN_OBJC_LITERAL_CONVERSION = YES;
				CLANG_WARN_OBJC_ROOT_CLASS = YES_ERROR;
				CLANG_WARN_RANGE_LOOP_ANALYSIS = YES;
				CLANG_WARN_STRICT_PROTOTYPES = YES;
				CLANG_WARN_SUSPICIOUS_MOVE = YES;
				CLANG_WARN_UNGUARDED_AVAILABILITY = YES_AGGRESSIVE;
				CLANG_WARN_UNREACHABLE_CODE = YES;
				CLANG_WARN__DUPLICATE_METHOD_MATCH = YES;
				COPY_PHASE_STRIP = NO;
				DEBUG_INFORMATION_FORMAT = dwarf;
				ENABLE_STRICT_OBJC_MSGSEND = YES;
				ENABLE_TESTABILITY = YES;
				GCC_C_LANGUAGE_STANDARD = gnu11;
				GCC_DYNAMIC_NO_PIC = NO;
				GCC_NO_COMMON_BLOCKS = YES;
				GCC_OPTIMIZATION_LEVEL = 0;
				GCC_PREPROCESSOR_DEFINITIONS = (
					"DEBUG=1",
					"$(inherited)",
				);
				GCC_WARN_64_TO_32_BIT_CONVERSION = YES;
				GCC_WARN_ABOUT_RETURN_TYPE = YES_ERROR;
				GCC_WARN_UNDECLARED_SELECTOR = YES;
				GCC_WARN_UNINITIALIZED_AUTOS = YES_AGGRESSIVE;
				GCC_WARN_UNUSED_FUNCTION = YES;
				GCC_WARN_UNUSED_VARIABLE = YES;
				IPHONEOS_DEPLOYMENT_TARGET = 13.0;
				MTL_ENABLE_DEBUG_INFO = INCLUDE_SOURCE;
				MTL_FAST_MATH = YES;
				ONLY_ACTIVE_ARCH = YES;
				SDKROOT = iphoneos;
			};
			name = Debug;
		};
		289F76DF234CF22D00A4EEAF /* Release */ = {
			isa = XCBuildConfiguration;
			buildSettings = {
				ALWAYS_SEARCH_USER_PATHS = NO;
				CLANG_ANALYZER_NONNULL = YES;
				CLANG_ANALYZER_NUMBER_OBJECT_CONVERSION = YES_AGGRESSIVE;
				CLANG_CXX_LANGUAGE_STANDARD = "gnu++14";
				CLANG_CXX_LIBRARY = "libc++";
				CLANG_ENABLE_MODULES = YES;
				CLANG_ENABLE_OBJC_ARC = YES;
				CLANG_ENABLE_OBJC_WEAK = YES;
				CLANG_WARN_BLOCK_CAPTURE_AUTORELEASING = YES;
				CLANG_WARN_BOOL_CONVERSION = YES;
				CLANG_WARN_COMMA = YES;
				CLANG_WARN_CONSTANT_CONVERSION = YES;
				CLANG_WARN_DEPRECATED_OBJC_IMPLEMENTATIONS = YES;
				CLANG_WARN_DIRECT_OBJC_ISA_USAGE = YES_ERROR;
				CLANG_WARN_DOCUMENTATION_COMMENTS = YES;
				CLANG_WARN_EMPTY_BODY = YES;
				CLANG_WARN_ENUM_CONVERSION = YES;
				CLANG_WARN_INFINITE_RECURSION = YES;
				CLANG_WARN_INT_CONVERSION = YES;
				CLANG_WARN_NON_LITERAL_NULL_CONVERSION = YES;
				CLANG_WARN_OBJC_IMPLICIT_RETAIN_SELF = YES;
				CLANG_WARN_OBJC_LITERAL_CONVERSION = YES;
				CLANG_WARN_OBJC_ROOT_CLASS = YES_ERROR;
				CLANG_WARN_RANGE_LOOP_ANALYSIS = YES;
				CLANG_WARN_STRICT_PROTOTYPES = YES;
				CLANG_WARN_SUSPICIOUS_MOVE = YES;
				CLANG_WARN_UNGUARDED_AVAILABILITY = YES_AGGRESSIVE;
				CLANG_WARN_UNREACHABLE_CODE = YES;
				CLANG_WARN__DUPLICATE_METHOD_MATCH = YES;
				COPY_PHASE_STRIP = NO;
				DEBUG_INFORMATION_FORMAT = "dwarf-with-dsym";
				ENABLE_NS_ASSERTIONS = NO;
				ENABLE_STRICT_OBJC_MSGSEND = YES;
				GCC_C_LANGUAGE_STANDARD = gnu11;
				GCC_NO_COMMON_BLOCKS = YES;
				GCC_WARN_64_TO_32_BIT_CONVERSION = YES;
				GCC_WARN_ABOUT_RETURN_TYPE = YES_ERROR;
				GCC_WARN_UNDECLARED_SELECTOR = YES;
				GCC_WARN_UNINITIALIZED_AUTOS = YES_AGGRESSIVE;
				GCC_WARN_UNUSED_FUNCTION = YES;
				GCC_WARN_UNUSED_VARIABLE = YES;
				IPHONEOS_DEPLOYMENT_TARGET = 13.0;
				MTL_ENABLE_DEBUG_INFO = NO;
				MTL_FAST_MATH = YES;
				SDKROOT = iphoneos;
				VALIDATE_PRODUCT = YES;
			};
			name = Release;
		};
		289F76E1234CF22D00A4EEAF /* Debug */ = {
			isa = XCBuildConfiguration;
			buildSettings = {
				ASSETCATALOG_COMPILER_APPICON_NAME = AppIcon;
				CLANG_ENABLE_MODULES = YES;
				CODE_SIGN_STYLE = Automatic;
				DEVELOPMENT_TEAM = 5XC6N4RBRH;
				INFOPLIST_FILE = "$(SRCROOT)/HarryPotter-C/Resources/Info.plist";
				LD_RUNPATH_SEARCH_PATHS = (
					"$(inherited)",
					"@executable_path/Frameworks",
				);
				PRODUCT_BUNDLE_IDENTIFIER = "calegre.HarryPotter-C";
				PRODUCT_NAME = "$(TARGET_NAME)";
				SWIFT_OBJC_BRIDGING_HEADER = "HarryPotter-C/Controllers/ViewControllers/HarryPotter-C-Bridging-Header.h";
				SWIFT_OPTIMIZATION_LEVEL = "-Onone";
				SWIFT_VERSION = 5.0;
				TARGETED_DEVICE_FAMILY = "1,2";
			};
			name = Debug;
		};
		289F76E2234CF22D00A4EEAF /* Release */ = {
			isa = XCBuildConfiguration;
			buildSettings = {
				ASSETCATALOG_COMPILER_APPICON_NAME = AppIcon;
				CLANG_ENABLE_MODULES = YES;
				CODE_SIGN_STYLE = Automatic;
				DEVELOPMENT_TEAM = 5XC6N4RBRH;
				INFOPLIST_FILE = "$(SRCROOT)/HarryPotter-C/Resources/Info.plist";
				LD_RUNPATH_SEARCH_PATHS = (
					"$(inherited)",
					"@executable_path/Frameworks",
				);
				PRODUCT_BUNDLE_IDENTIFIER = "calegre.HarryPotter-C";
				PRODUCT_NAME = "$(TARGET_NAME)";
				SWIFT_OBJC_BRIDGING_HEADER = "HarryPotter-C/Controllers/ViewControllers/HarryPotter-C-Bridging-Header.h";
				SWIFT_VERSION = 5.0;
				TARGETED_DEVICE_FAMILY = "1,2";
			};
			name = Release;
		};
/* End XCBuildConfiguration section */

/* Begin XCConfigurationList section */
		289F76C2234CF22C00A4EEAF /* Build configuration list for PBXProject "HarryPotter-C" */ = {
			isa = XCConfigurationList;
			buildConfigurations = (
				289F76DE234CF22D00A4EEAF /* Debug */,
				289F76DF234CF22D00A4EEAF /* Release */,
			);
			defaultConfigurationIsVisible = 0;
			defaultConfigurationName = Release;
		};
		289F76E0234CF22D00A4EEAF /* Build configuration list for PBXNativeTarget "HarryPotter-C" */ = {
			isa = XCConfigurationList;
			buildConfigurations = (
				289F76E1234CF22D00A4EEAF /* Debug */,
				289F76E2234CF22D00A4EEAF /* Release */,
			);
			defaultConfigurationIsVisible = 0;
			defaultConfigurationName = Release;
		};
/* End XCConfigurationList section */
	};
	rootObject = 289F76BF234CF22C00A4EEAF /* Project object */;
}
